
Microsoft Visual Studio Solution File, Format Version 12.00
# Visual Studio 2013
VisualStudioVersion = 12.0.31101.0
MinimumVisualStudioVersion = 10.0.40219.1
Project("{FAE04EC0-301F-11D3-BF4B-00C04F79EFBC}") = "Kyrs11.Objects", "Objects/Kyrs11.Objects.csproj", "{C1E975D8-9A57-41A8-8C6C-20CB7B3C60FC}"
EndProject
Project("{FAE04EC0-301F-11D3-BF4B-00C04F79EFBC}") = "Kyrs11.ODataBackend", "ODataBackend/Kyrs11.ODataBackend.csproj", "{6361DF8B-7406-4704-88CE-D6341E49C4CE}"
EndProject
Global
	GlobalSection(SolutionConfigurationPlatforms) = preSolution
Debug|Any CPU = Debug|Any CPU
Release|Any CPU = Release|Any CPU
	EndGlobalSection
	GlobalSection(ProjectConfigurationPlatforms) = postSolution
		{C1E975D8-9A57-41A8-8C6C-20CB7B3C60FC}.Debug|Any CPU.ActiveCfg = Debug|Any CPU
		{C1E975D8-9A57-41A8-8C6C-20CB7B3C60FC}.Debug|Any CPU.Build.0 = Debug|Any CPU
		{C1E975D8-9A57-41A8-8C6C-20CB7B3C60FC}.Release|Any CPU.ActiveCfg = Release|Any CPU
		{C1E975D8-9A57-41A8-8C6C-20CB7B3C60FC}.Release|Any CPU.Build.0 = Release|Any CPU
		{6361DF8B-7406-4704-88CE-D6341E49C4CE}.Debug|Any CPU.ActiveCfg = Debug|Any CPU
		{6361DF8B-7406-4704-88CE-D6341E49C4CE}.Debug|Any CPU.Build.0 = Debug|Any CPU
		{6361DF8B-7406-4704-88CE-D6341E49C4CE}.Release|Any CPU.ActiveCfg = Release|Any CPU
		{6361DF8B-7406-4704-88CE-D6341E49C4CE}.Release|Any CPU.Build.0 = Release|Any CPU
	EndGlobalSection
	GlobalSection(SolutionProperties) = preSolution
		HideSolutionNode = FALSE
	EndGlobalSection
EndGlobal
